// !$*UTF8*$!
{
	archiveVersion = 1;
	classes = {
	};
	objectVersion = 50;
	objects = {

/* Begin PBXBuildFile section */
		CAD33A3F247126DF005247E8 /* AppDelegate.m in Sources */ = {isa = PBXBuildFile; fileRef = CAD33A3E247126DF005247E8 /* AppDelegate.m */; };
		CAD33A42247126DF005247E8 /* ViewController.m in Sources */ = {isa = PBXBuildFile; fileRef = CAD33A41247126DF005247E8 /* ViewController.m */; };
		CAD33A44247126E4005247E8 /* Assets.xcassets in Resources */ = {isa = PBXBuildFile; fileRef = CAD33A43247126E4005247E8 /* Assets.xcassets */; };
		CAD33A47247126E4005247E8 /* Main.storyboard in Resources */ = {isa = PBXBuildFile; fileRef = CAD33A45247126E4005247E8 /* Main.storyboard */; };
		CAD33A4A247126E4005247E8 /* main.m in Sources */ = {isa = PBXBuildFile; fileRef = CAD33A49247126E4005247E8 /* main.m */; };
		CAD33A55247126E4005247E8 /* TableViewDemoTests.m in Sources */ = {isa = PBXBuildFile; fileRef = CAD33A54247126E4005247E8 /* TableViewDemoTests.m */; };
		CAD33A60247126E4005247E8 /* TableViewDemoUITests.m in Sources */ = {isa = PBXBuildFile; fileRef = CAD33A5F247126E4005247E8 /* TableViewDemoUITests.m */; };
		CAD33A6F24712D49005247E8 /* EliminateJitter.m in Sources */ = {isa = PBXBuildFile; fileRef = CAD33A6E24712D49005247E8 /* EliminateJitter.m */; };
		CAD33A7224713935005247E8 /* LoadBalancer.m in Sources */ = {isa = PBXBuildFile; fileRef = CAD33A7124713935005247E8 /* LoadBalancer.m */; };
/* End PBXBuildFile section */

/* Begin PBXContainerItemProxy section */
		CAD33A51247126E4005247E8 /* PBXContainerItemProxy */ = {
			isa = PBXContainerItemProxy;
			containerPortal = CAD33A32247126DF005247E8 /* Project object */;
			proxyType = 1;
			remoteGlobalIDString = CAD33A39247126DF005247E8;
			remoteInfo = TableViewDemo;
		};
		CAD33A5C247126E4005247E8 /* PBXContainerItemProxy */ = {
			isa = PBXContainerItemProxy;
			containerPortal = CAD33A32247126DF005247E8 /* Project object */;
			proxyType = 1;
			remoteGlobalIDString = CAD33A39247126DF005247E8;
			remoteInfo = TableViewDemo;
		};
/* End PBXContainerItemProxy section */

/* Begin PBXFileReference section */
		CAD33A3A247126DF005247E8 /* TableViewDemo.app */ = {isa = PBXFileReference; explicitFileType = wrapper.application; includeInIndex = 0; path = TableViewDemo.app; sourceTree = BUILT_PRODUCTS_DIR; };
		CAD33A3D247126DF005247E8 /* AppDelegate.h */ = {isa = PBXFileReference; lastKnownFileType = sourcecode.c.h; path = AppDelegate.h; sourceTree = "<group>"; };
		CAD33A3E247126DF005247E8 /* AppDelegate.m */ = {isa = PBXFileReference; lastKnownFileType = sourcecode.c.objc; path = AppDelegate.m; sourceTree = "<group>"; };
		CAD33A40247126DF005247E8 /* ViewController.h */ = {isa = PBXFileReference; lastKnownFileType = sourcecode.c.h; path = ViewController.h; sourceTree = "<group>"; };
		CAD33A41247126DF005247E8 /* ViewController.m */ = {isa = PBXFileReference; lastKnownFileType = sourcecode.c.objc; path = ViewController.m; sourceTree = "<group>"; };
		CAD33A43247126E4005247E8 /* Assets.xcassets */ = {isa = PBXFileReference; lastKnownFileType = folder.assetcatalog; path = Assets.xcassets; sourceTree = "<group>"; };
		CAD33A46247126E4005247E8 /* Base */ = {isa = PBXFileReference; lastKnownFileType = file.storyboard; name = Base; path = Base.lproj/Main.storyboard; sourceTree = "<group>"; };
		CAD33A48247126E4005247E8 /* Info.plist */ = {isa = PBXFileReference; lastKnownFileType = text.plist.xml; path = Info.plist; sourceTree = "<group>"; };
		CAD33A49247126E4005247E8 /* main.m */ = {isa = PBXFileReference; lastKnownFileType = sourcecode.c.objc; path = main.m; sourceTree = "<group>"; };
		CAD33A4B247126E4005247E8 /* TableViewDemo.entitlements */ = {isa = PBXFileReference; lastKnownFileType = text.plist.entitlements; path = TableViewDemo.entitlements; sourceTree = "<group>"; };
		CAD33A50247126E4005247E8 /* TableViewDemoTests.xctest */ = {isa = PBXFileReference; explicitFileType = wrapper.cfbundle; includeInIndex = 0; path = TableViewDemoTests.xctest; sourceTree = BUILT_PRODUCTS_DIR; };
		CAD33A54247126E4005247E8 /* TableViewDemoTests.m */ = {isa = PBXFileReference; lastKnownFileType = sourcecode.c.objc; path = TableViewDemoTests.m; sourceTree = "<group>"; };
		CAD33A56247126E4005247E8 /* Info.plist */ = {isa = PBXFileReference; lastKnownFileType = text.plist.xml; path = Info.plist; sourceTree = "<group>"; };
		CAD33A5B247126E4005247E8 /* TableViewDemoUITests.xctest */ = {isa = PBXFileReference; explicitFileType = wrapper.cfbundle; includeInIndex = 0; path = TableViewDemoUITests.xctest; sourceTree = BUILT_PRODUCTS_DIR; };
		CAD33A5F247126E4005247E8 /* TableViewDemoUITests.m */ = {isa = PBXFileReference; lastKnownFileType = sourcecode.c.objc; path = TableViewDemoUITests.m; sourceTree = "<group>"; };
		CAD33A61247126E4005247E8 /* Info.plist */ = {isa = PBXFileReference; lastKnownFileType = text.plist.xml; path = Info.plist; sourceTree = "<group>"; };
		CAD33A6D24712D49005247E8 /* EliminateJitter.h */ = {isa = PBXFileReference; lastKnownFileType = sourcecode.c.h; path = EliminateJitter.h; sourceTree = "<group>"; };
		CAD33A6E24712D49005247E8 /* EliminateJitter.m */ = {isa = PBXFileReference; lastKnownFileType = sourcecode.c.objc; path = EliminateJitter.m; sourceTree = "<group>"; };
		CAD33A7024713935005247E8 /* LoadBalancer.h */ = {isa = PBXFileReference; fileEncoding = 4; lastKnownFileType = sourcecode.c.h; path = LoadBalancer.h; sourceTree = "<group>"; };
		CAD33A7124713935005247E8 /* LoadBalancer.m */ = {isa = PBXFileReference; fileEncoding = 4; lastKnownFileType = sourcecode.c.objc; path = LoadBalancer.m; sourceTree = "<group>"; };
/* End PBXFileReference section */

/* Begin PBXFrameworksBuildPhase section */
		CAD33A37247126DF005247E8 /* Frameworks */ = {
			isa = PBXFrameworksBuildPhase;
			buildActionMask = 2147483647;
			files = (
			);
			runOnlyForDeploymentPostprocessing = 0;
		};
		CAD33A4D247126E4005247E8 /* Frameworks */ = {
			isa = PBXFrameworksBuildPhase;
			buildActionMask = 2147483647;
			files = (
			);
			runOnlyForDeploymentPostprocessing = 0;
		};
		CAD33A58247126E4005247E8 /* Frameworks */ = {
			isa = PBXFrameworksBuildPhase;
			buildActionMask = 2147483647;
			files = (
			);
			runOnlyForDeploymentPostprocessing = 0;
		};
/* End PBXFrameworksBuildPhase section */

/* Begin PBXGroup section */
		CAD33A31247126DF005247E8 = {
			isa = PBXGroup;
			children = (
				CAD33A3C247126DF005247E8 /* TableViewDemo */,
				CAD33A53247126E4005247E8 /* TableViewDemoTests */,
				CAD33A5E247126E4005247E8 /* TableViewDemoUITests */,
				CAD33A3B247126DF005247E8 /* Products */,
			);
			sourceTree = "<group>";
		};
		CAD33A3B247126DF005247E8 /* Products */ = {
			isa = PBXGroup;
			children = (
				CAD33A3A247126DF005247E8 /* TableViewDemo.app */,
				CAD33A50247126E4005247E8 /* TableViewDemoTests.xctest */,
				CAD33A5B247126E4005247E8 /* TableViewDemoUITests.xctest */,
			);
			name = Products;
			sourceTree = "<group>";
		};
		CAD33A3C247126DF005247E8 /* TableViewDemo */ = {
			isa = PBXGroup;
			children = (
				CAD33A7024713935005247E8 /* LoadBalancer.h */,
				CAD33A7124713935005247E8 /* LoadBalancer.m */,
				CAD33A3D247126DF005247E8 /* AppDelegate.h */,
				CAD33A3E247126DF005247E8 /* AppDelegate.m */,
				CAD33A40247126DF005247E8 /* ViewController.h */,
				CAD33A41247126DF005247E8 /* ViewController.m */,
				CAD33A43247126E4005247E8 /* Assets.xcassets */,
				CAD33A45247126E4005247E8 /* Main.storyboard */,
				CAD33A48247126E4005247E8 /* Info.plist */,
				CAD33A49247126E4005247E8 /* main.m */,
				CAD33A4B247126E4005247E8 /* TableViewDemo.entitlements */,
				CAD33A6D24712D49005247E8 /* EliminateJitter.h */,
				CAD33A6E24712D49005247E8 /* EliminateJitter.m */,
			);
			path = TableViewDemo;
			sourceTree = "<group>";
		};
		CAD33A53247126E4005247E8 /* TableViewDemoTests */ = {
			isa = PBXGroup;
			children = (
				CAD33A54247126E4005247E8 /* TableViewDemoTests.m */,
				CAD33A56247126E4005247E8 /* Info.plist */,
			);
			path = TableViewDemoTests;
			sourceTree = "<group>";
		};
		CAD33A5E247126E4005247E8 /* TableViewDemoUITests */ = {
			isa = PBXGroup;
			children = (
				CAD33A5F247126E4005247E8 /* TableViewDemoUITests.m */,
				CAD33A61247126E4005247E8 /* Info.plist */,
			);
			path = TableViewDemoUITests;
			sourceTree = "<group>";
		};
/* End PBXGroup section */

/* Begin PBXNativeTarget section */
		CAD33A39247126DF005247E8 /* TableViewDemo */ = {
			isa = PBXNativeTarget;
			buildConfigurationList = CAD33A64247126E4005247E8 /* Build configuration list for PBXNativeTarget "TableViewDemo" */;
			buildPhases = (
				CAD33A36247126DF005247E8 /* Sources */,
				CAD33A37247126DF005247E8 /* Frameworks */,
				CAD33A38247126DF005247E8 /* Resources */,
			);
			buildRules = (
			);
			dependencies = (
			);
			name = TableViewDemo;
			productName = TableViewDemo;
			productReference = CAD33A3A247126DF005247E8 /* TableViewDemo.app */;
			productType = "com.apple.product-type.application";
		};
		CAD33A4F247126E4005247E8 /* TableViewDemoTests */ = {
			isa = PBXNativeTarget;
			buildConfigurationList = CAD33A67247126E4005247E8 /* Build configuration list for PBXNativeTarget "TableViewDemoTests" */;
			buildPhases = (
				CAD33A4C247126E4005247E8 /* Sources */,
				CAD33A4D247126E4005247E8 /* Frameworks */,
				CAD33A4E247126E4005247E8 /* Resources */,
			);
			buildRules = (
			);
			dependencies = (
				CAD33A52247126E4005247E8 /* PBXTargetDependency */,
			);
			name = TableViewDemoTests;
			productName = TableViewDemoTests;
			productReference = CAD33A50247126E4005247E8 /* TableViewDemoTests.xctest */;
			productType = "com.apple.product-type.bundle.unit-test";
		};
		CAD33A5A247126E4005247E8 /* TableViewDemoUITests */ = {
			isa = PBXNativeTarget;
			buildConfigurationList = CAD33A6A247126E4005247E8 /* Build configuration list for PBXNativeTarget "TableViewDemoUITests" */;
			buildPhases = (
				CAD33A57247126E4005247E8 /* Sources */,
				CAD33A58247126E4005247E8 /* Frameworks */,
				CAD33A59247126E4005247E8 /* Resources */,
			);
			buildRules = (
			);
			dependencies = (
				CAD33A5D247126E4005247E8 /* PBXTargetDependency */,
			);
			name = TableViewDemoUITests;
			productName = TableViewDemoUITests;
			productReference = CAD33A5B247126E4005247E8 /* TableViewDemoUITests.xctest */;
			productType = "com.apple.product-type.bundle.ui-testing";
		};
/* End PBXNativeTarget section */

/* Begin PBXProject section */
		CAD33A32247126DF005247E8 /* Project object */ = {
			isa = PBXProject;
			attributes = {
				LastUpgradeCheck = 1030;
				ORGANIZATIONNAME = sunjinglin;
				TargetAttributes = {
					CAD33A39247126DF005247E8 = {
						CreatedOnToolsVersion = 10.3;
					};
					CAD33A4F247126E4005247E8 = {
						CreatedOnToolsVersion = 10.3;
						TestTargetID = CAD33A39247126DF005247E8;
					};
					CAD33A5A247126E4005247E8 = {
						CreatedOnToolsVersion = 10.3;
						TestTargetID = CAD33A39247126DF005247E8;
					};
				};
			};
			buildConfigurationList = CAD33A35247126DF005247E8 /* Build configuration list for PBXProject "TableViewDemo" */;
			compatibilityVersion = "Xcode 9.3";
			developmentRegion = en;
			hasScannedForEncodings = 0;
			knownRegions = (
				en,
				Base,
			);
			mainGroup = CAD33A31247126DF005247E8;
			productRefGroup = CAD33A3B247126DF005247E8 /* Products */;
			projectDirPath = "";
			projectRoot = "";
			targets = (
				CAD33A39247126DF005247E8 /* TableViewDemo */,
				CAD33A4F247126E4005247E8 /* TableViewDemoTests */,
				CAD33A5A247126E4005247E8 /* TableViewDemoUITests */,
			);
		};
/* End PBXProject section */

/* Begin PBXResourcesBuildPhase section */
		CAD33A38247126DF005247E8 /* Resources */ = {
			isa = PBXResourcesBuildPhase;
			buildActionMask = 2147483647;
			files = (
				CAD33A44247126E4005247E8 /* Assets.xcassets in Resources */,
				CAD33A47247126E4005247E8 /* Main.storyboard in Resources */,
			);
			runOnlyForDeploymentPostprocessing = 0;
		};
		CAD33A4E247126E4005247E8 /* Resources */ = {
			isa = PBXResourcesBuildPhase;
			buildActionMask = 2147483647;
			files = (
			);
			runOnlyForDeploymentPostprocessing = 0;
		};
		CAD33A59247126E4005247E8 /* Resources */ = {
			isa = PBXResourcesBuildPhase;
			buildActionMask = 2147483647;
			files = (
			);
			runOnlyForDeploymentPostprocessing = 0;
		};
/* End PBXResourcesBuildPhase section */

/* Begin PBXSourcesBuildPhase section */
		CAD33A36247126DF005247E8 /* Sources */ = {
			isa = PBXSourcesBuildPhase;
			buildActionMask = 2147483647;
			files = (
				CAD33A7224713935005247E8 /* LoadBalancer.m in Sources */,
				CAD33A42247126DF005247E8 /* ViewController.m in Sources */,
				CAD33A4A247126E4005247E8 /* main.m in Sources */,
				CAD33A3F247126DF005247E8 /* AppDelegate.m in Sources */,
				CAD33A6F24712D49005247E8 /* EliminateJitter.m in Sources */,
			);
			runOnlyForDeploymentPostprocessing = 0;
		};
		CAD33A4C247126E4005247E8 /* Sources */ = {
			isa = PBXSourcesBuildPhase;
			buildActionMask = 2147483647;
			files = (
				CAD33A55247126E4005247E8 /* TableViewDemoTests.m in Sources */,
			);
			runOnlyForDeploymentPostprocessing = 0;
		};
		CAD33A57247126E4005247E8 /* Sources */ = {
			isa = PBXSourcesBuildPhase;
			buildActionMask = 2147483647;
			files = (
				CAD33A60247126E4005247E8 /* TableViewDemoUITests.m in Sources */,
			);
			runOnlyForDeploymentPostprocessing = 0;
		};
/* End PBXSourcesBuildPhase section */

/* Begin PBXTargetDependency section */
		CAD33A52247126E4005247E8 /* PBXTargetDependency */ = {
			isa = PBXTargetDependency;
			target = CAD33A39247126DF005247E8 /* TableViewDemo */;
			targetProxy = CAD33A51247126E4005247E8 /* PBXContainerItemProxy */;
		};
		CAD33A5D247126E4005247E8 /* PBXTargetDependency */ = {
			isa = PBXTargetDependency;
			target = CAD33A39247126DF005247E8 /* TableViewDemo */;
			targetProxy = CAD33A5C247126E4005247E8 /* PBXContainerItemProxy */;
		};
/* End PBXTargetDependency section */

/* Begin PBXVariantGroup section */
		CAD33A45247126E4005247E8 /* Main.storyboard */ = {
			isa = PBXVariantGroup;
			children = (
				CAD33A46247126E4005247E8 /* Base */,
			);
			name = Main.storyboard;
			sourceTree = "<group>";
		};
/* End PBXVariantGroup section */

/* Begin XCBuildConfiguration section */
		CAD33A62247126E4005247E8 /* Debug */ = {
			isa = XCBuildConfiguration;
			buildSettings = {
				ALWAYS_SEARCH_USER_PATHS = NO;
				CLANG_ANALYZER_NONNULL = YES;
				CLANG_ANALYZER_NUMBER_OBJECT_CONVERSION = YES_AGGRESSIVE;
				CLANG_CXX_LANGUAGE_STANDARD = "gnu++14";
				CLANG_CXX_LIBRARY = "libc++";
				CLANG_ENABLE_MODULES = YES;
				CLANG_ENABLE_OBJC_ARC = YES;
				CLANG_ENABLE_OBJC_WEAK = YES;
				CLANG_WARN_BLOCK_CAPTURE_AUTORELEASING = YES;
				CLANG_WARN_BOOL_CONVERSION = YES;
				CLANG_WARN_COMMA = YES;
				CLANG_WARN_CONSTANT_CONVERSION = YES;
				CLANG_WARN_DEPRECATED_OBJC_IMPLEMENTATIONS = YES;
				CLANG_WARN_DIRECT_OBJC_ISA_USAGE = YES_ERROR;
				CLANG_WARN_DOCUMENTATION_COMMENTS = YES;
				CLANG_WARN_EMPTY_BODY = YES;
				CLANG_WARN_ENUM_CONVERSION = YES;
				CLANG_WARN_INFINITE_RECURSION = YES;
				CLANG_WARN_INT_CONVERSION = YES;
				CLANG_WARN_NON_LITERAL_NULL_CONVERSION = YES;
				CLANG_WARN_OBJC_IMPLICIT_RETAIN_SELF = YES;
				CLANG_WARN_OBJC_LITERAL_CONVERSION = YES;
				CLANG_WARN_OBJC_ROOT_CLASS = YES_ERROR;
				CLANG_WARN_RANGE_LOOP_ANALYSIS = YES;
				CLANG_WARN_STRICT_PROTOTYPES = YES;
				CLANG_WARN_SUSPICIOUS_MOVE = YES;
				CLANG_WARN_UNGUARDED_AVAILABILITY = YES_AGGRESSIVE;
				CLANG_WARN_UNREACHABLE_CODE = YES;
				CLANG_WARN__DUPLICATE_METHOD_MATCH = YES;
				CODE_SIGN_IDENTITY = "-";
				COPY_PHASE_STRIP = NO;
				DEBUG_INFORMATION_FORMAT = dwarf;
				ENABLE_STRICT_OBJC_MSGSEND = YES;
				ENABLE_TESTABILITY = YES;
				GCC_C_LANGUAGE_STANDARD = gnu11;
				GCC_DYNAMIC_NO_PIC = NO;
				GCC_NO_COMMON_BLOCKS = YES;
				GCC_OPTIMIZATION_LEVEL = 0;
				GCC_PREPROCESSOR_DEFINITIONS = (
					"DEBUG=1",
					"$(inherited)",
				);
				GCC_WARN_64_TO_32_BIT_CONVERSION = YES;
				GCC_WARN_ABOUT_RETURN_TYPE = YES_ERROR;
				GCC_WARN_UNDECLARED_SELECTOR = YES;
				GCC_WARN_UNINITIALIZED_AUTOS = YES_AGGRESSIVE;
				GCC_WARN_UNUSED_FUNCTION = YES;
				GCC_WARN_UNUSED_VARIABLE = YES;
				MACOSX_DEPLOYMENT_TARGET = 10.15;
				MTL_ENABLE_DEBUG_INFO = INCLUDE_SOURCE;
				MTL_FAST_MATH = YES;
				ONLY_ACTIVE_ARCH = YES;
				SDKROOT = macosx;
			};
			name = Debug;
		};
		CAD33A63247126E4005247E8 /* Release */ = {
			isa = XCBuildConfiguration;
			buildSettings = {
				ALWAYS_SEARCH_USER_PATHS = NO;
				CLANG_ANALYZER_NONNULL = YES;
				CLANG_ANALYZER_NUMBER_OBJECT_CONVERSION = YES_AGGRESSIVE;
				CLANG_CXX_LANGUAGE_STANDARD = "gnu++14";
				CLANG_CXX_LIBRARY = "libc++";
				CLANG_ENABLE_MODULES = YES;
				CLANG_ENABLE_OBJC_ARC = YES;
				CLANG_ENABLE_OBJC_WEAK = YES;
				CLANG_WARN_BLOCK_CAPTURE_AUTORELEASING = YES;
				CLANG_WARN_BOOL_CONVERSION = YES;
				CLANG_WARN_COMMA = YES;
				CLANG_WARN_CONSTANT_CONVERSION = YES;
				CLANG_WARN_DEPRECATED_OBJC_IMPLEMENTATIONS = YES;
				CLANG_WARN_DIRECT_OBJC_ISA_USAGE = YES_ERROR;
				CLANG_WARN_DOCUMENTATION_COMMENTS = YES;
				CLANG_WARN_EMPTY_BODY = YES;
				CLANG_WARN_ENUM_CONVERSION = YES;
				CLANG_WARN_INFINITE_RECURSION = YES;
				CLANG_WARN_INT_CONVERSION = YES;
				CLANG_WARN_NON_LITERAL_NULL_CONVERSION = YES;
				CLANG_WARN_OBJC_IMPLICIT_RETAIN_SELF = YES;
				CLANG_WARN_OBJC_LITERAL_CONVERSION = YES;
				CLANG_WARN_OBJC_ROOT_CLASS = YES_ERROR;
				CLANG_WARN_RANGE_LOOP_ANALYSIS = YES;
				CLANG_WARN_STRICT_PROTOTYPES = YES;
				CLANG_WARN_SUSPICIOUS_MOVE = YES;
				CLANG_WARN_UNGUARDED_AVAILABILITY = YES_AGGRESSIVE;
				CLANG_WARN_UNREACHABLE_CODE = YES;
				CLANG_WARN__DUPLICATE_METHOD_MATCH = YES;
				CODE_SIGN_IDENTITY = "-";
				COPY_PHASE_STRIP = NO;
				DEBUG_INFORMATION_FORMAT = "dwarf-with-dsym";
				ENABLE_NS_ASSERTIONS = NO;
				ENABLE_STRICT_OBJC_MSGSEND = YES;
				GCC_C_LANGUAGE_STANDARD = gnu11;
				GCC_NO_COMMON_BLOCKS = YES;
				GCC_WARN_64_TO_32_BIT_CONVERSION = YES;
				GCC_WARN_ABOUT_RETURN_TYPE = YES_ERROR;
				GCC_WARN_UNDECLARED_SELECTOR = YES;
				GCC_WARN_UNINITIALIZED_AUTOS = YES_AGGRESSIVE;
				GCC_WARN_UNUSED_FUNCTION = YES;
				GCC_WARN_UNUSED_VARIABLE = YES;
				MACOSX_DEPLOYMENT_TARGET = 10.15;
				MTL_ENABLE_DEBUG_INFO = NO;
				MTL_FAST_MATH = YES;
				SDKROOT = macosx;
			};
			name = Release;
		};
		CAD33A65247126E4005247E8 /* Debug */ = {
			isa = XCBuildConfiguration;
			buildSettings = {
				ASSETCATALOG_COMPILER_APPICON_NAME = AppIcon;
				CODE_SIGN_ENTITLEMENTS = TableViewDemo/TableViewDemo.entitlements;
				CODE_SIGN_STYLE = Automatic;
				COMBINE_HIDPI_IMAGES = YES;
				INFOPLIST_FILE = TableViewDemo/Info.plist;
				LD_RUNPATH_SEARCH_PATHS = (
					"$(inherited)",
					"@executable_path/../Frameworks",
				);
				PRODUCT_BUNDLE_IDENTIFIER = com.baidu.hi.TableViewDemo;
				PRODUCT_NAME = "$(TARGET_NAME)";
			};
			name = Debug;
		};
		CAD33A66247126E4005247E8 /* Release */ = {
			isa = XCBuildConfiguration;
			buildSettings = {
				ASSETCATALOG_COMPILER_APPICON_NAME = AppIcon;
				CODE_SIGN_ENTITLEMENTS = TableViewDemo/TableViewDemo.entitlements;
				CODE_SIGN_STYLE = Automatic;
				COMBINE_HIDPI_IMAGES = YES;
				INFOPLIST_FILE = TableViewDemo/Info.plist;
				LD_RUNPATH_SEARCH_PATHS = (
					"$(inherited)",
					"@executable_path/../Frameworks",
				);
				PRODUCT_BUNDLE_IDENTIFIER = com.baidu.hi.TableViewDemo;
				PRODUCT_NAME = "$(TARGET_NAME)";
			};
			name = Release;
		};
		CAD33A68247126E4005247E8 /* Debug */ = {
			isa = XCBuildConfiguration;
			buildSettings = {
				BUNDLE_LOADER = "$(TEST_HOST)";
				CODE_SIGN_STYLE = Automatic;
				COMBINE_HIDPI_IMAGES = YES;
				INFOPLIST_FILE = TableViewDemoTests/Info.plist;
				LD_RUNPATH_SEARCH_PATHS = (
					"$(inherited)",
					"@executable_path/../Frameworks",
					"@loader_path/../Frameworks",
				);
				PRODUCT_BUNDLE_IDENTIFIER = com.baidu.hi.TableViewDemoTests;
				PRODUCT_NAME = "$(TARGET_NAME)";
				TEST_HOST = "$(BUILT_PRODUCTS_DIR)/TableViewDemo.app/Contents/MacOS/TableViewDemo";
			};
			name = Debug;
		};
		CAD33A69247126E4005247E8 /* Release */ = {
			isa = XCBuildConfiguration;
			buildSettings = {
				BUNDLE_LOADER = "$(TEST_HOST)";
				CODE_SIGN_STYLE = Automatic;
				COMBINE_HIDPI_IMAGES = YES;
				INFOPLIST_FILE = TableViewDemoTests/Info.plist;
				LD_RUNPATH_SEARCH_PATHS = (
					"$(inherited)",
					"@executable_path/../Frameworks",
					"@loader_path/../Frameworks",
				);
				PRODUCT_BUNDLE_IDENTIFIER = com.baidu.hi.TableViewDemoTests;
				PRODUCT_NAME = "$(TARGET_NAME)";
				TEST_HOST = "$(BUILT_PRODUCTS_DIR)/TableViewDemo.app/Contents/MacOS/TableViewDemo";
			};
			name = Release;
		};
		CAD33A6B247126E4005247E8 /* Debug */ = {
			isa = XCBuildConfiguration;
			buildSettings = {
				CODE_SIGN_STYLE = Automatic;
				COMBINE_HIDPI_IMAGES = YES;
				INFOPLIST_FILE = TableViewDemoUITests/Info.plist;
				LD_RUNPATH_SEARCH_PATHS = (
					"$(inherited)",
					"@executable_path/../Frameworks",
					"@loader_path/../Frameworks",
				);
				PRODUCT_BUNDLE_IDENTIFIER = com.baidu.hi.TableViewDemoUITests;
				PRODUCT_NAME = "$(TARGET_NAME)";
				TEST_TARGET_NAME = TableViewDemo;
			};
			name = Debug;
		};
		CAD33A6C247126E4005247E8 /* Release */ = {
			isa = XCBuildConfiguration;
			buildSettings = {
				CODE_SIGN_STYLE = Automatic;
				COMBINE_HIDPI_IMAGES = YES;
				INFOPLIST_FILE = TableViewDemoUITests/Info.plist;
				LD_RUNPATH_SEARCH_PATHS = (
					"$(inherited)",
					"@executable_path/../Frameworks",
					"@loader_path/../Frameworks",
				);
				PRODUCT_BUNDLE_IDENTIFIER = com.baidu.hi.TableViewDemoUITests;
				PRODUCT_NAME = "$(TARGET_NAME)";
				TEST_TARGET_NAME = TableViewDemo;
			};
			name = Release;
		};
/* End XCBuildConfiguration section */

/* Begin XCConfigurationList section */
		CAD33A35247126DF005247E8 /* Build configuration list for PBXProject "TableViewDemo" */ = {
			isa = XCConfigurationList;
			buildConfigurations = (
				CAD33A62247126E4005247E8 /* Debug */,
				CAD33A63247126E4005247E8 /* Release */,
			);
			defaultConfigurationIsVisible = 0;
			defaultConfigurationName = Release;
		};
		CAD33A64247126E4005247E8 /* Build configuration list for PBXNativeTarget "TableViewDemo" */ = {
			isa = XCConfigurationList;
			buildConfigurations = (
				CAD33A65247126E4005247E8 /* Debug */,
				CAD33A66247126E4005247E8 /* Release */,
			);
			defaultConfigurationIsVisible = 0;
			defaultConfigurationName = Release;
		};
		CAD33A67247126E4005247E8 /* Build configuration list for PBXNativeTarget "TableViewDemoTests" */ = {
			isa = XCConfigurationList;
			buildConfigurations = (
				CAD33A68247126E4005247E8 /* Debug */,
				CAD33A69247126E4005247E8 /* Release */,
			);
			defaultConfigurationIsVisible = 0;
			defaultConfigurationName = Release;
		};
		CAD33A6A247126E4005247E8 /* Build configuration list for PBXNativeTarget "TableViewDemoUITests" */ = {
			isa = XCConfigurationList;
			buildConfigurations = (
				CAD33A6B247126E4005247E8 /* Debug */,
				CAD33A6C247126E4005247E8 /* Release */,
			);
			defaultConfigurationIsVisible = 0;
			defaultConfigurationName = Release;
		};
/* End XCConfigurationList section */
	};
	rootObject = CAD33A32247126DF005247E8 /* Project object */;
}
